
Microsoft Visual Studio Solution File, Format Version 12.00
# Visual Studio Version 16
VisualStudioVersion = 16.0.29609.76
MinimumVisualStudioVersion = 10.0.40219.1
Project("{F184B08F-C81C-45F6-A57F-5ABD9991F28F}") = "Grade", "Grade\Grade.vbproj", "{A5C10E4E-2570-4D92-A039-E6571DD8DF92}"
EndProject
Global
	GlobalSection(SolutionConfigurationPlatforms) = preSolution
		Debug|Any CPU = Debug|Any CPU
		Release|Any CPU = Release|Any CPU
	EndGlobalSection
	GlobalSection(ProjectConfigurationPlatforms) = postSolution
		{A5C10E4E-2570-4D92-A039-E6571DD8DF92}.Debug|Any CPU.ActiveCfg = Debug|Any CPU
		{A5C10E4E-2570-4D92-A039-E6571DD8DF92}.Debug|Any CPU.Build.0 = Debug|Any CPU
		{A5C10E4E-2570-4D92-A039-E6571DD8DF92}.Release|Any CPU.ActiveCfg = Release|Any CPU
		{A5C10E4E-2570-4D92-A039-E6571DD8DF92}.Release|Any CPU.Build.0 = Release|Any CPU
	EndGlobalSection
	GlobalSection(SolutionProperties) = preSolution
		HideSolutionNode = FALSE
	EndGlobalSection
	GlobalSection(ExtensibilityGlobals) = postSolution
		SolutionGuid = {1EA03C8A-BAA3-4070-954D-47CB8E3B3328}
	EndGlobalSection
EndGlobal
